// !$*UTF8*$!
{
	archiveVersion = 1;
	classes = {
	};
	objectVersion = 51;
	objects = {

/* Begin PBXBuildFile section */
		A1FD73566C17C6F6EBEB3AE7 /* Pods_NewsApiApp.framework in Frameworks */ = {isa = PBXBuildFile; fileRef = 32C250C8EF856EC173A98688 /* Pods_NewsApiApp.framework */; };
		E46F4A942614EB12004E80CE /* ApiService.swift in Sources */ = {isa = PBXBuildFile; fileRef = E46F4A932614EB12004E80CE /* ApiService.swift */; };
		E46F4A982614EC8D004E80CE /* Constants.swift in Sources */ = {isa = PBXBuildFile; fileRef = E46F4A972614EC8D004E80CE /* Constants.swift */; };
		E46F4A9D2614ED51004E80CE /* Article.swift in Sources */ = {isa = PBXBuildFile; fileRef = E46F4A9C2614ED51004E80CE /* Article.swift */; };
		E4BD20932616371B0054BEA0 /* AlertControllerPresenter.swift in Sources */ = {isa = PBXBuildFile; fileRef = E4BD20922616371B0054BEA0 /* AlertControllerPresenter.swift */; };
		E4BD20962616880D0054BEA0 /* UILabelExtensions.swift in Sources */ = {isa = PBXBuildFile; fileRef = E4BD20952616880D0054BEA0 /* UILabelExtensions.swift */; };
		E4BD20992616A95B0054BEA0 /* UIButtonExtension.swift in Sources */ = {isa = PBXBuildFile; fileRef = E4BD20982616A95B0054BEA0 /* UIButtonExtension.swift */; };
		E4BD209D2616AD960054BEA0 /* NewsCellUpdaterDelegate.swift in Sources */ = {isa = PBXBuildFile; fileRef = E4BD209C2616AD960054BEA0 /* NewsCellUpdaterDelegate.swift */; };
		E4C683B22614D202005282F7 /* AppDelegate.swift in Sources */ = {isa = PBXBuildFile; fileRef = E4C683B12614D202005282F7 /* AppDelegate.swift */; };
		E4C683B42614D202005282F7 /* SceneDelegate.swift in Sources */ = {isa = PBXBuildFile; fileRef = E4C683B32614D202005282F7 /* SceneDelegate.swift */; };
		E4C683B62614D202005282F7 /* ViewController.swift in Sources */ = {isa = PBXBuildFile; fileRef = E4C683B52614D202005282F7 /* ViewController.swift */; };
		E4C683B92614D202005282F7 /* Main.storyboard in Resources */ = {isa = PBXBuildFile; fileRef = E4C683B72614D202005282F7 /* Main.storyboard */; };
		E4C683BB2614D203005282F7 /* Assets.xcassets in Resources */ = {isa = PBXBuildFile; fileRef = E4C683BA2614D203005282F7 /* Assets.xcassets */; };
		E4C683BE2614D203005282F7 /* LaunchScreen.storyboard in Resources */ = {isa = PBXBuildFile; fileRef = E4C683BC2614D203005282F7 /* LaunchScreen.storyboard */; };
		E4C683CC2614D720005282F7 /* TextField.swift in Sources */ = {isa = PBXBuildFile; fileRef = E4C683CB2614D720005282F7 /* TextField.swift */; };
		E4C683D02614DB57005282F7 /* UITextFieldExtension.swift in Sources */ = {isa = PBXBuildFile; fileRef = E4C683CF2614DB57005282F7 /* UITextFieldExtension.swift */; };
		E4C683D32614DB87005282F7 /* UIViewControllerExtension.swift in Sources */ = {isa = PBXBuildFile; fileRef = E4C683D22614DB87005282F7 /* UIViewControllerExtension.swift */; };
		E4C683D62614DCFE005282F7 /* NewsTableViewCell.swift in Sources */ = {isa = PBXBuildFile; fileRef = E4C683D52614DCFE005282F7 /* NewsTableViewCell.swift */; };
/* End PBXBuildFile section */

/* Begin PBXFileReference section */
		32C250C8EF856EC173A98688 /* Pods_NewsApiApp.framework */ = {isa = PBXFileReference; explicitFileType = wrapper.framework; includeInIndex = 0; path = Pods_NewsApiApp.framework; sourceTree = BUILT_PRODUCTS_DIR; };
		49FFABFDF53A489117C42EE5 /* Pods-NewsApiApp.debug.xcconfig */ = {isa = PBXFileReference; includeInIndex = 1; lastKnownFileType = text.xcconfig; name = "Pods-NewsApiApp.debug.xcconfig"; path = "Target Support Files/Pods-NewsApiApp/Pods-NewsApiApp.debug.xcconfig"; sourceTree = "<group>"; };
		A2BBBF192AEB2D8DCBBD7EA5 /* Pods-NewsApiApp.release.xcconfig */ = {isa = PBXFileReference; includeInIndex = 1; lastKnownFileType = text.xcconfig; name = "Pods-NewsApiApp.release.xcconfig"; path = "Target Support Files/Pods-NewsApiApp/Pods-NewsApiApp.release.xcconfig"; sourceTree = "<group>"; };
		E46F4A932614EB12004E80CE /* ApiService.swift */ = {isa = PBXFileReference; lastKnownFileType = sourcecode.swift; path = ApiService.swift; sourceTree = "<group>"; };
		E46F4A972614EC8D004E80CE /* Constants.swift */ = {isa = PBXFileReference; lastKnownFileType = sourcecode.swift; path = Constants.swift; sourceTree = "<group>"; };
		E46F4A9C2614ED51004E80CE /* Article.swift */ = {isa = PBXFileReference; lastKnownFileType = sourcecode.swift; path = Article.swift; sourceTree = "<group>"; };
		E4BD20922616371B0054BEA0 /* AlertControllerPresenter.swift */ = {isa = PBXFileReference; lastKnownFileType = sourcecode.swift; path = AlertControllerPresenter.swift; sourceTree = "<group>"; };
		E4BD20952616880D0054BEA0 /* UILabelExtensions.swift */ = {isa = PBXFileReference; lastKnownFileType = sourcecode.swift; path = UILabelExtensions.swift; sourceTree = "<group>"; };
		E4BD20982616A95B0054BEA0 /* UIButtonExtension.swift */ = {isa = PBXFileReference; lastKnownFileType = sourcecode.swift; path = UIButtonExtension.swift; sourceTree = "<group>"; };
		E4BD209C2616AD960054BEA0 /* NewsCellUpdaterDelegate.swift */ = {isa = PBXFileReference; lastKnownFileType = sourcecode.swift; path = NewsCellUpdaterDelegate.swift; sourceTree = "<group>"; };
		E4C683AE2614D202005282F7 /* NewsApiApp.app */ = {isa = PBXFileReference; explicitFileType = wrapper.application; includeInIndex = 0; path = NewsApiApp.app; sourceTree = BUILT_PRODUCTS_DIR; };
		E4C683B12614D202005282F7 /* AppDelegate.swift */ = {isa = PBXFileReference; lastKnownFileType = sourcecode.swift; path = AppDelegate.swift; sourceTree = "<group>"; };
		E4C683B32614D202005282F7 /* SceneDelegate.swift */ = {isa = PBXFileReference; lastKnownFileType = sourcecode.swift; path = SceneDelegate.swift; sourceTree = "<group>"; };
		E4C683B52614D202005282F7 /* ViewController.swift */ = {isa = PBXFileReference; lastKnownFileType = sourcecode.swift; path = ViewController.swift; sourceTree = "<group>"; };
		E4C683B82614D202005282F7 /* Base */ = {isa = PBXFileReference; lastKnownFileType = file.storyboard; name = Base; path = Base.lproj/Main.storyboard; sourceTree = "<group>"; };
		E4C683BA2614D203005282F7 /* Assets.xcassets */ = {isa = PBXFileReference; lastKnownFileType = folder.assetcatalog; path = Assets.xcassets; sourceTree = "<group>"; };
		E4C683BD2614D203005282F7 /* Base */ = {isa = PBXFileReference; lastKnownFileType = file.storyboard; name = Base; path = Base.lproj/LaunchScreen.storyboard; sourceTree = "<group>"; };
		E4C683BF2614D203005282F7 /* Info.plist */ = {isa = PBXFileReference; lastKnownFileType = text.plist.xml; path = Info.plist; sourceTree = "<group>"; };
		E4C683CB2614D720005282F7 /* TextField.swift */ = {isa = PBXFileReference; lastKnownFileType = sourcecode.swift; path = TextField.swift; sourceTree = "<group>"; };
		E4C683CF2614DB57005282F7 /* UITextFieldExtension.swift */ = {isa = PBXFileReference; lastKnownFileType = sourcecode.swift; path = UITextFieldExtension.swift; sourceTree = "<group>"; };
		E4C683D22614DB87005282F7 /* UIViewControllerExtension.swift */ = {isa = PBXFileReference; lastKnownFileType = sourcecode.swift; path = UIViewControllerExtension.swift; sourceTree = "<group>"; };
		E4C683D52614DCFE005282F7 /* NewsTableViewCell.swift */ = {isa = PBXFileReference; lastKnownFileType = sourcecode.swift; path = NewsTableViewCell.swift; sourceTree = "<group>"; };
/* End PBXFileReference section */

/* Begin PBXFrameworksBuildPhase section */
		E4C683AB2614D202005282F7 /* Frameworks */ = {
			isa = PBXFrameworksBuildPhase;
			buildActionMask = 2147483647;
			files = (
				A1FD73566C17C6F6EBEB3AE7 /* Pods_NewsApiApp.framework in Frameworks */,
			);
			runOnlyForDeploymentPostprocessing = 0;
		};
/* End PBXFrameworksBuildPhase section */

/* Begin PBXGroup section */
		9D55CFD46C78873BEF699118 /* Pods */ = {
			isa = PBXGroup;
			children = (
				49FFABFDF53A489117C42EE5 /* Pods-NewsApiApp.debug.xcconfig */,
				A2BBBF192AEB2D8DCBBD7EA5 /* Pods-NewsApiApp.release.xcconfig */,
			);
			path = Pods;
			sourceTree = "<group>";
		};
		E46F4A962614EC7D004E80CE /* Constants */ = {
			isa = PBXGroup;
			children = (
				E46F4A972614EC8D004E80CE /* Constants.swift */,
			);
			path = Constants;
			sourceTree = "<group>";
		};
		E46F4A9B2614ED28004E80CE /* Article */ = {
			isa = PBXGroup;
			children = (
				E46F4A9C2614ED51004E80CE /* Article.swift */,
			);
			path = Article;
			sourceTree = "<group>";
		};
		E46F4AA02614ED57004E80CE /* Api */ = {
			isa = PBXGroup;
			children = (
				E46F4A932614EB12004E80CE /* ApiService.swift */,
			);
			path = Api;
			sourceTree = "<group>";
		};
		E4BD209B2616AD6F0054BEA0 /* Protocols */ = {
			isa = PBXGroup;
			children = (
				E4BD209C2616AD960054BEA0 /* NewsCellUpdaterDelegate.swift */,
			);
			path = Protocols;
			sourceTree = "<group>";
		};
		E4C683A52614D202005282F7 = {
			isa = PBXGroup;
			children = (
				E4C683B02614D202005282F7 /* NewsApiApp */,
				E4C683AF2614D202005282F7 /* Products */,
				9D55CFD46C78873BEF699118 /* Pods */,
				EA2DB24799D5EF48BC242BEE /* Frameworks */,
			);
			sourceTree = "<group>";
		};
		E4C683AF2614D202005282F7 /* Products */ = {
			isa = PBXGroup;
			children = (
				E4C683AE2614D202005282F7 /* NewsApiApp.app */,
			);
			name = Products;
			sourceTree = "<group>";
		};
		E4C683B02614D202005282F7 /* NewsApiApp */ = {
			isa = PBXGroup;
			children = (
				E46F4A962614EC7D004E80CE /* Constants */,
				E4C683CA2614D6ED005282F7 /* Controls */,
				E4C683C62614D2B3005282F7 /* Model */,
				E4C683B12614D202005282F7 /* AppDelegate.swift */,
				E4C683B32614D202005282F7 /* SceneDelegate.swift */,
				E4C683C82614D3C4005282F7 /* Controller */,
				E4C683C72614D3B4005282F7 /* View */,
				E4C683BA2614D203005282F7 /* Assets.xcassets */,
				E4C683BF2614D203005282F7 /* Info.plist */,
			);
			path = NewsApiApp;
			sourceTree = "<group>";
		};
		E4C683C62614D2B3005282F7 /* Model */ = {
			isa = PBXGroup;
			children = (
				E4BD209B2616AD6F0054BEA0 /* Protocols */,
				E46F4A9B2614ED28004E80CE /* Article */,
				E46F4AA02614ED57004E80CE /* Api */,
			);
			path = Model;
			sourceTree = "<group>";
		};
		E4C683C72614D3B4005282F7 /* View */ = {
			isa = PBXGroup;
			children = (
				E4C683B72614D202005282F7 /* Main.storyboard */,
				E4C683BC2614D203005282F7 /* LaunchScreen.storyboard */,
			);
			path = View;
			sourceTree = "<group>";
		};
		E4C683C82614D3C4005282F7 /* Controller */ = {
			isa = PBXGroup;
			children = (
				E4C683B52614D202005282F7 /* ViewController.swift */,
			);
			path = Controller;
			sourceTree = "<group>";
		};
		E4C683CA2614D6ED005282F7 /* Controls */ = {
			isa = PBXGroup;
			children = (
				E4C683CB2614D720005282F7 /* TextField.swift */,
				E4C683CF2614DB57005282F7 /* UITextFieldExtension.swift */,
				E4C683D22614DB87005282F7 /* UIViewControllerExtension.swift */,
				E4C683D52614DCFE005282F7 /* NewsTableViewCell.swift */,
				E4BD20922616371B0054BEA0 /* AlertControllerPresenter.swift */,
				E4BD20952616880D0054BEA0 /* UILabelExtensions.swift */,
				E4BD20982616A95B0054BEA0 /* UIButtonExtension.swift */,
			);
			path = Controls;
			sourceTree = "<group>";
		};
		EA2DB24799D5EF48BC242BEE /* Frameworks */ = {
			isa = PBXGroup;
			children = (
				32C250C8EF856EC173A98688 /* Pods_NewsApiApp.framework */,
			);
			name = Frameworks;
			sourceTree = "<group>";
		};
/* End PBXGroup section */

/* Begin PBXNativeTarget section */
		E4C683AD2614D202005282F7 /* NewsApiApp */ = {
			isa = PBXNativeTarget;
			buildConfigurationList = E4C683C22614D203005282F7 /* Build configuration list for PBXNativeTarget "NewsApiApp" */;
			buildPhases = (
				B28BE6398893BCE4AE4A6635 /* [CP] Check Pods Manifest.lock */,
				E4C683AA2614D202005282F7 /* Sources */,
				E4C683AB2614D202005282F7 /* Frameworks */,
				E4C683AC2614D202005282F7 /* Resources */,
				AECECA5A7ADD3E5B3C192B7B /* [CP] Embed Pods Frameworks */,
			);
			buildRules = (
			);
			dependencies = (
			);
			name = NewsApiApp;
			productName = NewsApiApp;
			productReference = E4C683AE2614D202005282F7 /* NewsApiApp.app */;
			productType = "com.apple.product-type.application";
		};
/* End PBXNativeTarget section */

/* Begin PBXProject section */
		E4C683A62614D202005282F7 /* Project object */ = {
			isa = PBXProject;
			attributes = {
				LastSwiftUpdateCheck = 1200;
				LastUpgradeCheck = 1200;
				TargetAttributes = {
					E4C683AD2614D202005282F7 = {
						CreatedOnToolsVersion = 12.0.1;
					};
				};
			};
			buildConfigurationList = E4C683A92614D202005282F7 /* Build configuration list for PBXProject "NewsApiApp" */;
			compatibilityVersion = "Xcode 9.3";
			developmentRegion = en;
			hasScannedForEncodings = 0;
			knownRegions = (
				en,
				Base,
			);
			mainGroup = E4C683A52614D202005282F7;
			productRefGroup = E4C683AF2614D202005282F7 /* Products */;
			projectDirPath = "";
			projectRoot = "";
			targets = (
				E4C683AD2614D202005282F7 /* NewsApiApp */,
			);
		};
/* End PBXProject section */

/* Begin PBXResourcesBuildPhase section */
		E4C683AC2614D202005282F7 /* Resources */ = {
			isa = PBXResourcesBuildPhase;
			buildActionMask = 2147483647;
			files = (
				E4C683BE2614D203005282F7 /* LaunchScreen.storyboard in Resources */,
				E4C683BB2614D203005282F7 /* Assets.xcassets in Resources */,
				E4C683B92614D202005282F7 /* Main.storyboard in Resources */,
			);
			runOnlyForDeploymentPostprocessing = 0;
		};
/* End PBXResourcesBuildPhase section */

/* Begin PBXShellScriptBuildPhase section */
		AECECA5A7ADD3E5B3C192B7B /* [CP] Embed Pods Frameworks */ = {
			isa = PBXShellScriptBuildPhase;
			buildActionMask = 2147483647;
			files = (
			);
			inputFileListPaths = (
				"${PODS_ROOT}/Target Support Files/Pods-NewsApiApp/Pods-NewsApiApp-frameworks-${CONFIGURATION}-input-files.xcfilelist",
			);
			name = "[CP] Embed Pods Frameworks";
			outputFileListPaths = (
				"${PODS_ROOT}/Target Support Files/Pods-NewsApiApp/Pods-NewsApiApp-frameworks-${CONFIGURATION}-output-files.xcfilelist",
			);
			runOnlyForDeploymentPostprocessing = 0;
			shellPath = /bin/sh;
			shellScript = "\"${PODS_ROOT}/Target Support Files/Pods-NewsApiApp/Pods-NewsApiApp-frameworks.sh\"\n";
			showEnvVarsInLog = 0;
		};
		B28BE6398893BCE4AE4A6635 /* [CP] Check Pods Manifest.lock */ = {
			isa = PBXShellScriptBuildPhase;
			buildActionMask = 2147483647;
			files = (
			);
			inputFileListPaths = (
			);
			inputPaths = (
				"${PODS_PODFILE_DIR_PATH}/Podfile.lock",
				"${PODS_ROOT}/Manifest.lock",
			);
			name = "[CP] Check Pods Manifest.lock";
			outputFileListPaths = (
			);
			outputPaths = (
				"$(DERIVED_FILE_DIR)/Pods-NewsApiApp-checkManifestLockResult.txt",
			);
			runOnlyForDeploymentPostprocessing = 0;
			shellPath = /bin/sh;
			shellScript = "diff \"${PODS_PODFILE_DIR_PATH}/Podfile.lock\" \"${PODS_ROOT}/Manifest.lock\" > /dev/null\nif [ $? != 0 ] ; then\n    # print error to STDERR\n    echo \"error: The sandbox is not in sync with the Podfile.lock. Run 'pod install' or update your CocoaPods installation.\" >&2\n    exit 1\nfi\n# This output is used by Xcode 'outputs' to avoid re-running this script phase.\necho \"SUCCESS\" > \"${SCRIPT_OUTPUT_FILE_0}\"\n";
			showEnvVarsInLog = 0;
		};
/* End PBXShellScriptBuildPhase section */

/* Begin PBXSourcesBuildPhase section */
		E4C683AA2614D202005282F7 /* Sources */ = {
			isa = PBXSourcesBuildPhase;
			buildActionMask = 2147483647;
			files = (
				E4C683D02614DB57005282F7 /* UITextFieldExtension.swift in Sources */,
				E4BD209D2616AD960054BEA0 /* NewsCellUpdaterDelegate.swift in Sources */,
				E4C683D62614DCFE005282F7 /* NewsTableViewCell.swift in Sources */,
				E4C683B62614D202005282F7 /* ViewController.swift in Sources */,
				E4C683D32614DB87005282F7 /* UIViewControllerExtension.swift in Sources */,
				E4BD20932616371B0054BEA0 /* AlertControllerPresenter.swift in Sources */,
				E46F4A9D2614ED51004E80CE /* Article.swift in Sources */,
				E4C683B22614D202005282F7 /* AppDelegate.swift in Sources */,
				E4C683B42614D202005282F7 /* SceneDelegate.swift in Sources */,
				E4BD20992616A95B0054BEA0 /* UIButtonExtension.swift in Sources */,
				E4BD20962616880D0054BEA0 /* UILabelExtensions.swift in Sources */,
				E46F4A942614EB12004E80CE /* ApiService.swift in Sources */,
				E4C683CC2614D720005282F7 /* TextField.swift in Sources */,
				E46F4A982614EC8D004E80CE /* Constants.swift in Sources */,
			);
			runOnlyForDeploymentPostprocessing = 0;
		};
/* End PBXSourcesBuildPhase section */

/* Begin PBXVariantGroup section */
		E4C683B72614D202005282F7 /* Main.storyboard */ = {
			isa = PBXVariantGroup;
			children = (
				E4C683B82614D202005282F7 /* Base */,
			);
			name = Main.storyboard;
			sourceTree = "<group>";
		};
		E4C683BC2614D203005282F7 /* LaunchScreen.storyboard */ = {
			isa = PBXVariantGroup;
			children = (
				E4C683BD2614D203005282F7 /* Base */,
			);
			name = LaunchScreen.storyboard;
			sourceTree = "<group>";
		};
/* End PBXVariantGroup section */

/* Begin XCBuildConfiguration section */
		E4C683C02614D203005282F7 /* Debug */ = {
			isa = XCBuildConfiguration;
			buildSettings = {
				ALWAYS_SEARCH_USER_PATHS = NO;
				CLANG_ANALYZER_NONNULL = YES;
				CLANG_ANALYZER_NUMBER_OBJECT_CONVERSION = YES_AGGRESSIVE;
				CLANG_CXX_LANGUAGE_STANDARD = "gnu++14";
				CLANG_CXX_LIBRARY = "libc++";
				CLANG_ENABLE_MODULES = YES;
				CLANG_ENABLE_OBJC_ARC = YES;
				CLANG_ENABLE_OBJC_WEAK = YES;
				CLANG_WARN_BLOCK_CAPTURE_AUTORELEASING = YES;
				CLANG_WARN_BOOL_CONVERSION = YES;
				CLANG_WARN_COMMA = YES;
				CLANG_WARN_CONSTANT_CONVERSION = YES;
				CLANG_WARN_DEPRECATED_OBJC_IMPLEMENTATIONS = YES;
				CLANG_WARN_DIRECT_OBJC_ISA_USAGE = YES_ERROR;
				CLANG_WARN_DOCUMENTATION_COMMENTS = YES;
				CLANG_WARN_EMPTY_BODY = YES;
				CLANG_WARN_ENUM_CONVERSION = YES;
				CLANG_WARN_INFINITE_RECURSION = YES;
				CLANG_WARN_INT_CONVERSION = YES;
				CLANG_WARN_NON_LITERAL_NULL_CONVERSION = YES;
				CLANG_WARN_OBJC_IMPLICIT_RETAIN_SELF = YES;
				CLANG_WARN_OBJC_LITERAL_CONVERSION = YES;
				CLANG_WARN_OBJC_ROOT_CLASS = YES_ERROR;
				CLANG_WARN_QUOTED_INCLUDE_IN_FRAMEWORK_HEADER = YES;
				CLANG_WARN_RANGE_LOOP_ANALYSIS = YES;
				CLANG_WARN_STRICT_PROTOTYPES = YES;
				CLANG_WARN_SUSPICIOUS_MOVE = YES;
				CLANG_WARN_UNGUARDED_AVAILABILITY = YES_AGGRESSIVE;
				CLANG_WARN_UNREACHABLE_CODE = YES;
				CLANG_WARN__DUPLICATE_METHOD_MATCH = YES;
				COPY_PHASE_STRIP = NO;
				DEBUG_INFORMATION_FORMAT = dwarf;
				ENABLE_STRICT_OBJC_MSGSEND = YES;
				ENABLE_TESTABILITY = YES;
				GCC_C_LANGUAGE_STANDARD = gnu11;
				GCC_DYNAMIC_NO_PIC = NO;
				GCC_NO_COMMON_BLOCKS = YES;
				GCC_OPTIMIZATION_LEVEL = 0;
				GCC_PREPROCESSOR_DEFINITIONS = (
					"DEBUG=1",
					"$(inherited)",
				);
				GCC_WARN_64_TO_32_BIT_CONVERSION = YES;
				GCC_WARN_ABOUT_RETURN_TYPE = YES_ERROR;
				GCC_WARN_UNDECLARED_SELECTOR = YES;
				GCC_WARN_UNINITIALIZED_AUTOS = YES_AGGRESSIVE;
				GCC_WARN_UNUSED_FUNCTION = YES;
				GCC_WARN_UNUSED_VARIABLE = YES;
				IPHONEOS_DEPLOYMENT_TARGET = 14.0;
				MTL_ENABLE_DEBUG_INFO = INCLUDE_SOURCE;
				MTL_FAST_MATH = YES;
				ONLY_ACTIVE_ARCH = YES;
				SDKROOT = iphoneos;
				SWIFT_ACTIVE_COMPILATION_CONDITIONS = DEBUG;
				SWIFT_OPTIMIZATION_LEVEL = "-Onone";
			};
			name = Debug;
		};
		E4C683C12614D203005282F7 /* Release */ = {
			isa = XCBuildConfiguration;
			buildSettings = {
				ALWAYS_SEARCH_USER_PATHS = NO;
				CLANG_ANALYZER_NONNULL = YES;
				CLANG_ANALYZER_NUMBER_OBJECT_CONVERSION = YES_AGGRESSIVE;
				CLANG_CXX_LANGUAGE_STANDARD = "gnu++14";
				CLANG_CXX_LIBRARY = "libc++";
				CLANG_ENABLE_MODULES = YES;
				CLANG_ENABLE_OBJC_ARC = YES;
				CLANG_ENABLE_OBJC_WEAK = YES;
				CLANG_WARN_BLOCK_CAPTURE_AUTORELEASING = YES;
				CLANG_WARN_BOOL_CONVERSION = YES;
				CLANG_WARN_COMMA = YES;
				CLANG_WARN_CONSTANT_CONVERSION = YES;
				CLANG_WARN_DEPRECATED_OBJC_IMPLEMENTATIONS = YES;
				CLANG_WARN_DIRECT_OBJC_ISA_USAGE = YES_ERROR;
				CLANG_WARN_DOCUMENTATION_COMMENTS = YES;
				CLANG_WARN_EMPTY_BODY = YES;
				CLANG_WARN_ENUM_CONVERSION = YES;
				CLANG_WARN_INFINITE_RECURSION = YES;
				CLANG_WARN_INT_CONVERSION = YES;
				CLANG_WARN_NON_LITERAL_NULL_CONVERSION = YES;
				CLANG_WARN_OBJC_IMPLICIT_RETAIN_SELF = YES;
				CLANG_WARN_OBJC_LITERAL_CONVERSION = YES;
				CLANG_WARN_OBJC_ROOT_CLASS = YES_ERROR;
				CLANG_WARN_QUOTED_INCLUDE_IN_FRAMEWORK_HEADER = YES;
				CLANG_WARN_RANGE_LOOP_ANALYSIS = YES;
				CLANG_WARN_STRICT_PROTOTYPES = YES;
				CLANG_WARN_SUSPICIOUS_MOVE = YES;
				CLANG_WARN_UNGUARDED_AVAILABILITY = YES_AGGRESSIVE;
				CLANG_WARN_UNREACHABLE_CODE = YES;
				CLANG_WARN__DUPLICATE_METHOD_MATCH = YES;
				COPY_PHASE_STRIP = NO;
				DEBUG_INFORMATION_FORMAT = "dwarf-with-dsym";
				ENABLE_NS_ASSERTIONS = NO;
				ENABLE_STRICT_OBJC_MSGSEND = YES;
				GCC_C_LANGUAGE_STANDARD = gnu11;
				GCC_NO_COMMON_BLOCKS = YES;
				GCC_WARN_64_TO_32_BIT_CONVERSION = YES;
				GCC_WARN_ABOUT_RETURN_TYPE = YES_ERROR;
				GCC_WARN_UNDECLARED_SELECTOR = YES;
				GCC_WARN_UNINITIALIZED_AUTOS = YES_AGGRESSIVE;
				GCC_WARN_UNUSED_FUNCTION = YES;
				GCC_WARN_UNUSED_VARIABLE = YES;
				IPHONEOS_DEPLOYMENT_TARGET = 14.0;
				MTL_ENABLE_DEBUG_INFO = NO;
				MTL_FAST_MATH = YES;
				SDKROOT = iphoneos;
				SWIFT_COMPILATION_MODE = wholemodule;
				SWIFT_OPTIMIZATION_LEVEL = "-O";
				VALIDATE_PRODUCT = YES;
			};
			name = Release;
		};
		E4C683C32614D203005282F7 /* Debug */ = {
			isa = XCBuildConfiguration;
			baseConfigurationReference = 49FFABFDF53A489117C42EE5 /* Pods-NewsApiApp.debug.xcconfig */;
			buildSettings = {
				ASSETCATALOG_COMPILER_APPICON_NAME = AppIcon;
				ASSETCATALOG_COMPILER_GLOBAL_ACCENT_COLOR_NAME = AccentColor;
				CODE_SIGN_STYLE = Automatic;
				DEVELOPMENT_TEAM = 5744GHSC63;
				INFOPLIST_FILE = NewsApiApp/Info.plist;
				LD_RUNPATH_SEARCH_PATHS = (
					"$(inherited)",
					"@executable_path/Frameworks",
				);
				PRODUCT_BUNDLE_IDENTIFIER = com.dmitry.NewsApiApp;
				PRODUCT_NAME = "$(TARGET_NAME)";
				SWIFT_VERSION = 5.0;
				TARGETED_DEVICE_FAMILY = "1,2";
			};
			name = Debug;
		};
		E4C683C42614D203005282F7 /* Release */ = {
			isa = XCBuildConfiguration;
			baseConfigurationReference = A2BBBF192AEB2D8DCBBD7EA5 /* Pods-NewsApiApp.release.xcconfig */;
			buildSettings = {
				ASSETCATALOG_COMPILER_APPICON_NAME = AppIcon;
				ASSETCATALOG_COMPILER_GLOBAL_ACCENT_COLOR_NAME = AccentColor;
				CODE_SIGN_STYLE = Automatic;
				DEVELOPMENT_TEAM = 5744GHSC63;
				INFOPLIST_FILE = NewsApiApp/Info.plist;
				LD_RUNPATH_SEARCH_PATHS = (
					"$(inherited)",
					"@executable_path/Frameworks",
				);
				PRODUCT_BUNDLE_IDENTIFIER = com.dmitry.NewsApiApp;
				PRODUCT_NAME = "$(TARGET_NAME)";
				SWIFT_VERSION = 5.0;
				TARGETED_DEVICE_FAMILY = "1,2";
			};
			name = Release;
		};
/* End XCBuildConfiguration section */

/* Begin XCConfigurationList section */
		E4C683A92614D202005282F7 /* Build configuration list for PBXProject "NewsApiApp" */ = {
			isa = XCConfigurationList;
			buildConfigurations = (
				E4C683C02614D203005282F7 /* Debug */,
				E4C683C12614D203005282F7 /* Release */,
			);
			defaultConfigurationIsVisible = 0;
			defaultConfigurationName = Release;
		};
		E4C683C22614D203005282F7 /* Build configuration list for PBXNativeTarget "NewsApiApp" */ = {
			isa = XCConfigurationList;
			buildConfigurations = (
				E4C683C32614D203005282F7 /* Debug */,
				E4C683C42614D203005282F7 /* Release */,
			);
			defaultConfigurationIsVisible = 0;
			defaultConfigurationName = Release;
		};
/* End XCConfigurationList section */
	};
	rootObject = E4C683A62614D202005282F7 /* Project object */;
}
